{
  "name": "new-arrival-notifier",
  "version": "1.0.0",
  "lockfileVersion": 2,
  "requires": true,
  "packages": {
    "": {
      "name": "new-arrival-notifier",
      "version": "1.0.0",
      "license": "ISC",
      "dependencies": {
        "luxon": "^3.5.0",
        "twitter-api-v2": "^1.18.0"
      }
    },
    "node_modules/luxon": {
      "version": "3.5.0",
      "resolved": "https://registry.npmjs.org/luxon/-/luxon-3.5.0.tgz",
      "integrity": "sha512-rh+Zjr6DNfUYR3bPwJEnuwDdqMbxZW7LOQfUN4B54+Cl+0o5zaU9RJ6bcidfDtC1cWCZXQ+nvX8bf6bAji37QQ==",
      "engines": {
        "node": ">=12"
      }
    },
    "node_modules/twitter-api-v2": {
      "version": "1.18.0",
      "resolved": "https://registry.npmjs.org/twitter-api-v2/-/twitter-api-v2-1.18.0.tgz",
      "integrity": "sha512-dhrj9wV2qQnHqlbFzt9qpb3mdK1oFcK3llFUnlFe8al19SrXlF3jHk3Y42wT0VRtF9LwpUeJ4QdHiqAiDgrTrg=="
    }
  },
  "dependencies": {
    "luxon": {
      "version": "3.5.0",
      "resolved": "https://registry.npmjs.org/luxon/-/luxon-3.5.0.tgz",
      "integrity": "sha512-rh+Zjr6DNfUYR3bPwJEnuwDdqMbxZW7LOQfUN4B54+Cl+0o5zaU9RJ6bcidfDtC1cWCZXQ+nvX8bf6bAji37QQ=="
    },
    "twitter-api-v2": {
      "version": "1.18.0",
      "resolved": "https://registry.npmjs.org/twitter-api-v2/-/twitter-api-v2-1.18.0.tgz",
      "integrity": "sha512-dhrj9wV2qQnHqlbFzt9qpb3mdK1oFcK3llFUnlFe8al19SrXlF3jHk3Y42wT0VRtF9LwpUeJ4QdHiqAiDgrTrg=="
    }
  }
}
